
Microsoft Visual Studio Solution File, Format Version 12.00
# Visual Studio Version 16
VisualStudioVersion = 16.0.29001.49
MinimumVisualStudioVersion = 10.0.40219.1
Project("{FAE04EC0-301F-11D3-BF4B-00C04F79EFBC}") = "CGarage", "CGarage.csproj", "{959D87C6-5A4E-4A1F-81E7-5D9CEA9F3F6D}"
EndProject
Project("{FAE04EC0-301F-11D3-BF4B-00C04F79EFBC}") = "CGarage.Tests", "..\CGarage.Tests\CGarage.Tests.csproj", "{007E37B5-8D81-4C34-9C7E-7419500B631B}"
EndProject
Global
	GlobalSection(SolutionConfigurationPlatforms) = preSolution
		Debug|Any CPU = Debug|Any CPU
		Release|Any CPU = Release|Any CPU
	EndGlobalSection
	GlobalSection(ProjectConfigurationPlatforms) = postSolution
		{959D87C6-5A4E-4A1F-81E7-5D9CEA9F3F6D}.Debug|Any CPU.ActiveCfg = Debug|Any CPU
		{959D87C6-5A4E-4A1F-81E7-5D9CEA9F3F6D}.Debug|Any CPU.Build.0 = Debug|Any CPU
		{959D87C6-5A4E-4A1F-81E7-5D9CEA9F3F6D}.Release|Any CPU.ActiveCfg = Release|Any CPU
		{959D87C6-5A4E-4A1F-81E7-5D9CEA9F3F6D}.Release|Any CPU.Build.0 = Release|Any CPU
		{007E37B5-8D81-4C34-9C7E-7419500B631B}.Debug|Any CPU.ActiveCfg = Debug|Any CPU
		{007E37B5-8D81-4C34-9C7E-7419500B631B}.Debug|Any CPU.Build.0 = Debug|Any CPU
		{007E37B5-8D81-4C34-9C7E-7419500B631B}.Release|Any CPU.ActiveCfg = Release|Any CPU
		{007E37B5-8D81-4C34-9C7E-7419500B631B}.Release|Any CPU.Build.0 = Release|Any CPU
	EndGlobalSection
	GlobalSection(SolutionProperties) = preSolution
		HideSolutionNode = FALSE
	EndGlobalSection
	GlobalSection(ExtensibilityGlobals) = postSolution
		SolutionGuid = {B8825D70-6E1D-4EC3-A1C0-B654B066B8DB}
	EndGlobalSection
EndGlobal
